
Microsoft Visual Studio Solution File, Format Version 11.00
# Visual Studio 2010
Project("{F2A71F9B-5D33-465A-A702-920D77279786}") = "Fog", "Fog\Fog.fsproj", "{5C231890-6169-40C1-85D5-7798F054F41E}"
EndProject
Project("{CC5FD16D-436D-48AD-A40C-5A424C6E3E79}") = "FogAzure", "FogAzure\FogAzure.ccproj", "{B0FBE013-3ED1-4485-8A64-E6B131C256A4}"
EndProject
Project("{F2A71F9B-5D33-465A-A702-920D77279786}") = "Fog.Intergration.Tests", "Fog.Intergration.Tests\Fog.Intergration.Tests.fsproj", "{C0381FA8-7461-4F75-9176-FD575B591C6A}"
EndProject
Global
	GlobalSection(SolutionConfigurationPlatforms) = preSolution
		Debug|Any CPU = Debug|Any CPU
		Release|Any CPU = Release|Any CPU
	EndGlobalSection
	GlobalSection(ProjectConfigurationPlatforms) = postSolution
		{5C231890-6169-40C1-85D5-7798F054F41E}.Debug|Any CPU.ActiveCfg = Debug|Any CPU
		{5C231890-6169-40C1-85D5-7798F054F41E}.Debug|Any CPU.Build.0 = Debug|Any CPU
		{5C231890-6169-40C1-85D5-7798F054F41E}.Release|Any CPU.ActiveCfg = Release|Any CPU
		{5C231890-6169-40C1-85D5-7798F054F41E}.Release|Any CPU.Build.0 = Release|Any CPU
		{B0FBE013-3ED1-4485-8A64-E6B131C256A4}.Debug|Any CPU.ActiveCfg = Debug|Any CPU
		{B0FBE013-3ED1-4485-8A64-E6B131C256A4}.Debug|Any CPU.Build.0 = Debug|Any CPU
		{B0FBE013-3ED1-4485-8A64-E6B131C256A4}.Release|Any CPU.ActiveCfg = Release|Any CPU
		{B0FBE013-3ED1-4485-8A64-E6B131C256A4}.Release|Any CPU.Build.0 = Release|Any CPU
		{C0381FA8-7461-4F75-9176-FD575B591C6A}.Debug|Any CPU.ActiveCfg = Debug|Any CPU
		{C0381FA8-7461-4F75-9176-FD575B591C6A}.Debug|Any CPU.Build.0 = Debug|Any CPU
		{C0381FA8-7461-4F75-9176-FD575B591C6A}.Release|Any CPU.ActiveCfg = Release|Any CPU
		{C0381FA8-7461-4F75-9176-FD575B591C6A}.Release|Any CPU.Build.0 = Release|Any CPU
	EndGlobalSection
	GlobalSection(SolutionProperties) = preSolution
		HideSolutionNode = FALSE
	EndGlobalSection
EndGlobal
